// !$*UTF8*$!
{
	archiveVersion = 1;
	classes = {
	};
	objectVersion = 48;
	objects = {

/* Begin PBXBuildFile section */
		210C767020356AD500DAADA6 /* ApiClient.swift in Sources */ = {isa = PBXBuildFile; fileRef = 210C766F20356AD500DAADA6 /* ApiClient.swift */; };
		210C767220356DAB00DAADA6 /* JSON.swift in Sources */ = {isa = PBXBuildFile; fileRef = 210C767120356DAB00DAADA6 /* JSON.swift */; };
		210C767420356DB500DAADA6 /* Result.swift in Sources */ = {isa = PBXBuildFile; fileRef = 210C767320356DB500DAADA6 /* Result.swift */; };
		210C767620356F1F00DAADA6 /* NearbyPlacesResponse.swift in Sources */ = {isa = PBXBuildFile; fileRef = 210C767520356F1F00DAADA6 /* NearbyPlacesResponse.swift */; };
		210C767A203570F900DAADA6 /* URLSessionApiClient.swift in Sources */ = {isa = PBXBuildFile; fileRef = 210C7679203570F900DAADA6 /* URLSessionApiClient.swift */; };
		210C767C2035763500DAADA6 /* LocationManager.swift in Sources */ = {isa = PBXBuildFile; fileRef = 210C767B2035763500DAADA6 /* LocationManager.swift */; };
		210C767E2035807E00DAADA6 /* NearbyError.swift in Sources */ = {isa = PBXBuildFile; fileRef = 210C767D2035807E00DAADA6 /* NearbyError.swift */; };
		210C7680203589A900DAADA6 /* PlacesTableViewViewModel.swift in Sources */ = {isa = PBXBuildFile; fileRef = 210C767F203589A900DAADA6 /* PlacesTableViewViewModel.swift */; };
		210C76822035B30D00DAADA6 /* Bindable.swift in Sources */ = {isa = PBXBuildFile; fileRef = 210C76812035B30D00DAADA6 /* Bindable.swift */; };
		210F8406203A592C00F62302 /* AppTabBarController.swift in Sources */ = {isa = PBXBuildFile; fileRef = 210F8405203A592C00F62302 /* AppTabBarController.swift */; };
		210FC565203B0D3D0060E8B5 /* Places.xcdatamodeld in Sources */ = {isa = PBXBuildFile; fileRef = 210FC563203B0D3D0060E8B5 /* Places.xcdatamodeld */; };
		211D5FD6203F191F00DD21CD /* URLBuilder.swift in Sources */ = {isa = PBXBuildFile; fileRef = 211D5FD5203F191F00DD21CD /* URLBuilder.swift */; };
		211D5FD92040051800DD21CD /* JSON.swift in Sources */ = {isa = PBXBuildFile; fileRef = 210C767120356DAB00DAADA6 /* JSON.swift */; };
		211D5FDA2040053700DD21CD /* NearbyPlacesResponse.swift in Sources */ = {isa = PBXBuildFile; fileRef = 210C767520356F1F00DAADA6 /* NearbyPlacesResponse.swift */; };
		211D5FDB2040087000DD21CD /* ApiClient.swift in Sources */ = {isa = PBXBuildFile; fileRef = 210C766F20356AD500DAADA6 /* ApiClient.swift */; };
		211D5FDC2040099A00DD21CD /* Result.swift in Sources */ = {isa = PBXBuildFile; fileRef = 210C767320356DB500DAADA6 /* Result.swift */; };
		211D5FE5204029FF00DD21CD /* PlacesTableViewViewModel.swift in Sources */ = {isa = PBXBuildFile; fileRef = 210C767F203589A900DAADA6 /* PlacesTableViewViewModel.swift */; };
		211D5FE6204039C100DD21CD /* LocationManager.swift in Sources */ = {isa = PBXBuildFile; fileRef = 210C767B2035763500DAADA6 /* LocationManager.swift */; };
		211D5FE72040405100DD21CD /* Persistent.swift in Sources */ = {isa = PBXBuildFile; fileRef = 21DA1AD0203C0B6A00D508D6 /* Persistent.swift */; };
		211D5FE8204043B200DD21CD /* Bindable.swift in Sources */ = {isa = PBXBuildFile; fileRef = 210C76812035B30D00DAADA6 /* Bindable.swift */; };
		211D5FE9204043B500DD21CD /* Reachability.swift in Sources */ = {isa = PBXBuildFile; fileRef = 2186A407203DDABF0091D190 /* Reachability.swift */; };
		211D5FEA204044E600DD21CD /* NearbyError.swift in Sources */ = {isa = PBXBuildFile; fileRef = 210C767D2035807E00DAADA6 /* NearbyError.swift */; };
		211D5FEC2040450E00DD21CD /* URLSessionApiClient.swift in Sources */ = {isa = PBXBuildFile; fileRef = 210C7679203570F900DAADA6 /* URLSessionApiClient.swift */; };
		211D5FED2040451C00DD21CD /* URLBuilder.swift in Sources */ = {isa = PBXBuildFile; fileRef = 211D5FD5203F191F00DD21CD /* URLBuilder.swift */; };
		211D5FEE2040452600DD21CD /* CoreDataStack.swift in Sources */ = {isa = PBXBuildFile; fileRef = 21DA1AD4203C18B400D508D6 /* CoreDataStack.swift */; };
		211D5FF02040459300DD21CD /* PlaceCellViewModel.swift in Sources */ = {isa = PBXBuildFile; fileRef = 214591952036157100BB0B54 /* PlaceCellViewModel.swift */; };
		211D5FF1204045D000DD21CD /* URLBuilder.swift in Sources */ = {isa = PBXBuildFile; fileRef = 211D5FD5203F191F00DD21CD /* URLBuilder.swift */; };
		211D5FF2204045EF00DD21CD /* PlacesTableViewController.swift in Sources */ = {isa = PBXBuildFile; fileRef = 21F5EA24203365AB007B72A6 /* PlacesTableViewController.swift */; };
		211D5FF3204045EF00DD21CD /* PlacesTableViewController.swift in Sources */ = {isa = PBXBuildFile; fileRef = 21F5EA24203365AB007B72A6 /* PlacesTableViewController.swift */; };
		211D5FF4204045F200DD21CD /* MapViewController.swift in Sources */ = {isa = PBXBuildFile; fileRef = 21F5EA26203365ED007B72A6 /* MapViewController.swift */; };
		211D5FF5204045F300DD21CD /* MapViewController.swift in Sources */ = {isa = PBXBuildFile; fileRef = 21F5EA26203365ED007B72A6 /* MapViewController.swift */; };
		211D5FF6204045F700DD21CD /* PlaceTableViewCell.swift in Sources */ = {isa = PBXBuildFile; fileRef = 21459193203613C500BB0B54 /* PlaceTableViewCell.swift */; };
		211D5FF7204045F700DD21CD /* PlaceTableViewCell.swift in Sources */ = {isa = PBXBuildFile; fileRef = 21459193203613C500BB0B54 /* PlaceTableViewCell.swift */; };
		211D5FF8204045FB00DD21CD /* PlacesTableViewViewModel.swift in Sources */ = {isa = PBXBuildFile; fileRef = 210C767F203589A900DAADA6 /* PlacesTableViewViewModel.swift */; };
		211D5FF92040460400DD21CD /* LocationManager.swift in Sources */ = {isa = PBXBuildFile; fileRef = 210C767B2035763500DAADA6 /* LocationManager.swift */; };
		211D5FFA2040460900DD21CD /* Result.swift in Sources */ = {isa = PBXBuildFile; fileRef = 210C767320356DB500DAADA6 /* Result.swift */; };
		211D5FFB2040461B00DD21CD /* ApiClient.swift in Sources */ = {isa = PBXBuildFile; fileRef = 210C766F20356AD500DAADA6 /* ApiClient.swift */; };
		211D5FFC2040463400DD21CD /* Persistent.swift in Sources */ = {isa = PBXBuildFile; fileRef = 21DA1AD0203C0B6A00D508D6 /* Persistent.swift */; };
		211D5FFD2040464100DD21CD /* PlaceCellViewModel.swift in Sources */ = {isa = PBXBuildFile; fileRef = 214591952036157100BB0B54 /* PlaceCellViewModel.swift */; };
		211D5FFE2040465900DD21CD /* URLSessionApiClient.swift in Sources */ = {isa = PBXBuildFile; fileRef = 210C7679203570F900DAADA6 /* URLSessionApiClient.swift */; };
		211D5FFF2040466700DD21CD /* Bindable.swift in Sources */ = {isa = PBXBuildFile; fileRef = 210C76812035B30D00DAADA6 /* Bindable.swift */; };
		211D60002040467500DD21CD /* Reachability.swift in Sources */ = {isa = PBXBuildFile; fileRef = 2186A407203DDABF0091D190 /* Reachability.swift */; };
		211D60012040468400DD21CD /* JSON.swift in Sources */ = {isa = PBXBuildFile; fileRef = 210C767120356DAB00DAADA6 /* JSON.swift */; };
		211D60022040468D00DD21CD /* CoreDataStack.swift in Sources */ = {isa = PBXBuildFile; fileRef = 21DA1AD4203C18B400D508D6 /* CoreDataStack.swift */; };
		211D6003204046F100DD21CD /* NearbyError.swift in Sources */ = {isa = PBXBuildFile; fileRef = 210C767D2035807E00DAADA6 /* NearbyError.swift */; };
		211D60062040471000DD21CD /* TabCoordinator.swift in Sources */ = {isa = PBXBuildFile; fileRef = 21F5EA2920337DE4007B72A6 /* TabCoordinator.swift */; };
		211D60072040471000DD21CD /* TabCoordinator.swift in Sources */ = {isa = PBXBuildFile; fileRef = 21F5EA2920337DE4007B72A6 /* TabCoordinator.swift */; };
		211D60082040471B00DD21CD /* Place+CoreDataClass.swift in Sources */ = {isa = PBXBuildFile; fileRef = 21DA1AD6203C1BBA00D508D6 /* Place+CoreDataClass.swift */; };
		211D60092040471B00DD21CD /* Place+CoreDataClass.swift in Sources */ = {isa = PBXBuildFile; fileRef = 21DA1AD6203C1BBA00D508D6 /* Place+CoreDataClass.swift */; };
		211D600A2040472300DD21CD /* Place+CoreDataProperties.swift in Sources */ = {isa = PBXBuildFile; fileRef = 21DA1AD7203C1BBA00D508D6 /* Place+CoreDataProperties.swift */; };
		211D600B2040472300DD21CD /* Place+CoreDataProperties.swift in Sources */ = {isa = PBXBuildFile; fileRef = 21DA1AD7203C1BBA00D508D6 /* Place+CoreDataProperties.swift */; };
		211D600D204047EC00DD21CD /* NearbyPlacesResponse.swift in Sources */ = {isa = PBXBuildFile; fileRef = 210C767520356F1F00DAADA6 /* NearbyPlacesResponse.swift */; };
		211D600E2040482000DD21CD /* Extensions.swift in Sources */ = {isa = PBXBuildFile; fileRef = 21784EC2203ED6B000FBD25D /* Extensions.swift */; };
		211D600F2040482000DD21CD /* Extensions.swift in Sources */ = {isa = PBXBuildFile; fileRef = 21784EC2203ED6B000FBD25D /* Extensions.swift */; };
		211D602920404D4F00DD21CD /* sample.json in Resources */ = {isa = PBXBuildFile; fileRef = 211D602420404D4D00DD21CD /* sample.json */; };
		211D602A20404D4F00DD21CD /* sample.json in Resources */ = {isa = PBXBuildFile; fileRef = 211D602420404D4D00DD21CD /* sample.json */; };
		211D602B20404D4F00DD21CD /* sample.json in Resources */ = {isa = PBXBuildFile; fileRef = 211D602420404D4D00DD21CD /* sample.json */; };
		211D602D20404D4F00DD21CD /* NearbyPlacesTests.swift in Sources */ = {isa = PBXBuildFile; fileRef = 211D602520404D4D00DD21CD /* NearbyPlacesTests.swift */; };
		211D602E20404D4F00DD21CD /* NearbyPlacesTests.swift in Sources */ = {isa = PBXBuildFile; fileRef = 211D602520404D4D00DD21CD /* NearbyPlacesTests.swift */; };
		211D603020404D4F00DD21CD /* PlacesViewModelTests.swift in Sources */ = {isa = PBXBuildFile; fileRef = 211D602620404D4E00DD21CD /* PlacesViewModelTests.swift */; };
		211D603120404D4F00DD21CD /* PlacesViewModelTests.swift in Sources */ = {isa = PBXBuildFile; fileRef = 211D602620404D4E00DD21CD /* PlacesViewModelTests.swift */; };
		211D603320404D4F00DD21CD /* GoogleResultTest.swift in Sources */ = {isa = PBXBuildFile; fileRef = 211D602720404D4E00DD21CD /* GoogleResultTest.swift */; };
		211D603420404D4F00DD21CD /* GoogleResultTest.swift in Sources */ = {isa = PBXBuildFile; fileRef = 211D602720404D4E00DD21CD /* GoogleResultTest.swift */; };
		211D603520404D4F00DD21CD /* Info.plist in Resources */ = {isa = PBXBuildFile; fileRef = 211D602820404D4E00DD21CD /* Info.plist */; };
		211D603620404D4F00DD21CD /* Info.plist in Resources */ = {isa = PBXBuildFile; fileRef = 211D602820404D4E00DD21CD /* Info.plist */; };
		211D603720404D4F00DD21CD /* Info.plist in Resources */ = {isa = PBXBuildFile; fileRef = 211D602820404D4E00DD21CD /* Info.plist */; };
		211D603A20404EDA00DD21CD /* TestExtensions.swift in Sources */ = {isa = PBXBuildFile; fileRef = 211D603920404EDA00DD21CD /* TestExtensions.swift */; };
		211D603B20404EDA00DD21CD /* TestExtensions.swift in Sources */ = {isa = PBXBuildFile; fileRef = 211D603920404EDA00DD21CD /* TestExtensions.swift */; };
		21459194203613C600BB0B54 /* PlaceTableViewCell.swift in Sources */ = {isa = PBXBuildFile; fileRef = 21459193203613C500BB0B54 /* PlaceTableViewCell.swift */; };
		214591962036157100BB0B54 /* PlaceCellViewModel.swift in Sources */ = {isa = PBXBuildFile; fileRef = 214591952036157100BB0B54 /* PlaceCellViewModel.swift */; };
		21784EC3203ED6B000FBD25D /* Extensions.swift in Sources */ = {isa = PBXBuildFile; fileRef = 21784EC2203ED6B000FBD25D /* Extensions.swift */; };
		21784EC5203EDFB400FBD25D /* AppTabBarViewModel.swift in Sources */ = {isa = PBXBuildFile; fileRef = 21784EC4203EDFB300FBD25D /* AppTabBarViewModel.swift */; };
		217F1C2B2039B4A900CF9810 /* MapViewViewModel.swift in Sources */ = {isa = PBXBuildFile; fileRef = 217F1C2A2039B4A900CF9810 /* MapViewViewModel.swift */; };
		2186A408203DDABF0091D190 /* Reachability.swift in Sources */ = {isa = PBXBuildFile; fileRef = 2186A407203DDABF0091D190 /* Reachability.swift */; };
		21DA1AD1203C0B6A00D508D6 /* Persistent.swift in Sources */ = {isa = PBXBuildFile; fileRef = 21DA1AD0203C0B6A00D508D6 /* Persistent.swift */; };
		21DA1AD3203C0F5C00D508D6 /* PersistentCoreData.swift in Sources */ = {isa = PBXBuildFile; fileRef = 21DA1AD2203C0F5C00D508D6 /* PersistentCoreData.swift */; };
		21DA1AD5203C18B400D508D6 /* CoreDataStack.swift in Sources */ = {isa = PBXBuildFile; fileRef = 21DA1AD4203C18B400D508D6 /* CoreDataStack.swift */; };
		21DA1AD8203C1BBA00D508D6 /* Place+CoreDataClass.swift in Sources */ = {isa = PBXBuildFile; fileRef = 21DA1AD6203C1BBA00D508D6 /* Place+CoreDataClass.swift */; };
		21DA1AD9203C1BBA00D508D6 /* Place+CoreDataProperties.swift in Sources */ = {isa = PBXBuildFile; fileRef = 21DA1AD7203C1BBA00D508D6 /* Place+CoreDataProperties.swift */; };
		21F2EE1720405176003D469B /* MapViewViewModel.swift in Sources */ = {isa = PBXBuildFile; fileRef = 217F1C2A2039B4A900CF9810 /* MapViewViewModel.swift */; };
		21F2EE1820405177003D469B /* MapViewViewModel.swift in Sources */ = {isa = PBXBuildFile; fileRef = 217F1C2A2039B4A900CF9810 /* MapViewViewModel.swift */; };
		21F2EE1920405182003D469B /* AppTabBarController.swift in Sources */ = {isa = PBXBuildFile; fileRef = 210F8405203A592C00F62302 /* AppTabBarController.swift */; };
		21F2EE1A20405183003D469B /* AppTabBarController.swift in Sources */ = {isa = PBXBuildFile; fileRef = 210F8405203A592C00F62302 /* AppTabBarController.swift */; };
		21F2EE1B2040518D003D469B /* AppTabBarViewModel.swift in Sources */ = {isa = PBXBuildFile; fileRef = 21784EC4203EDFB300FBD25D /* AppTabBarViewModel.swift */; };
		21F2EE1C2040518D003D469B /* AppTabBarViewModel.swift in Sources */ = {isa = PBXBuildFile; fileRef = 21784EC4203EDFB300FBD25D /* AppTabBarViewModel.swift */; };
		21F5E9F220334AEE007B72A6 /* AppDelegate.swift in Sources */ = {isa = PBXBuildFile; fileRef = 21F5E9F120334AEE007B72A6 /* AppDelegate.swift */; };
		21F5E9F920334AEE007B72A6 /* Assets.xcassets in Resources */ = {isa = PBXBuildFile; fileRef = 21F5E9F820334AEE007B72A6 /* Assets.xcassets */; };
		21F5E9FC20334AEE007B72A6 /* LaunchScreen.storyboard in Resources */ = {isa = PBXBuildFile; fileRef = 21F5E9FA20334AEE007B72A6 /* LaunchScreen.storyboard */; };
		21F5EA1220334AEF007B72A6 /* NearbyPlacesUITests.swift in Sources */ = {isa = PBXBuildFile; fileRef = 21F5EA1120334AEF007B72A6 /* NearbyPlacesUITests.swift */; };
		21F5EA25203365AB007B72A6 /* PlacesTableViewController.swift in Sources */ = {isa = PBXBuildFile; fileRef = 21F5EA24203365AB007B72A6 /* PlacesTableViewController.swift */; };
		21F5EA27203365ED007B72A6 /* MapViewController.swift in Sources */ = {isa = PBXBuildFile; fileRef = 21F5EA26203365ED007B72A6 /* MapViewController.swift */; };
		21F5EA2A20337DE4007B72A6 /* TabCoordinator.swift in Sources */ = {isa = PBXBuildFile; fileRef = 21F5EA2920337DE4007B72A6 /* TabCoordinator.swift */; };
		21F5EA2E20337E47007B72A6 /* MapTabCoordinator.swift in Sources */ = {isa = PBXBuildFile; fileRef = 21F5EA2D20337E47007B72A6 /* MapTabCoordinator.swift */; };
		21F5EA3020338E67007B72A6 /* PlacesTabCoordinator.swift in Sources */ = {isa = PBXBuildFile; fileRef = 21F5EA2F20338E67007B72A6 /* PlacesTabCoordinator.swift */; };
		21F5EA322033973F007B72A6 /* AppCoordinator.swift in Sources */ = {isa = PBXBuildFile; fileRef = 21F5EA312033973F007B72A6 /* AppCoordinator.swift */; };
/* End PBXBuildFile section */

/* Begin PBXContainerItemProxy section */
		21F5EA0320334AEF007B72A6 /* PBXContainerItemProxy */ = {
			isa = PBXContainerItemProxy;
			containerPortal = 21F5E9E620334AEE007B72A6 /* Project object */;
			proxyType = 1;
			remoteGlobalIDString = 21F5E9ED20334AEE007B72A6;
			remoteInfo = NearbyPlaces;
		};
		21F5EA0E20334AEF007B72A6 /* PBXContainerItemProxy */ = {
			isa = PBXContainerItemProxy;
			containerPortal = 21F5E9E620334AEE007B72A6 /* Project object */;
			proxyType = 1;
			remoteGlobalIDString = 21F5E9ED20334AEE007B72A6;
			remoteInfo = NearbyPlaces;
		};
/* End PBXContainerItemProxy section */

/* Begin PBXFileReference section */
		210C766F20356AD500DAADA6 /* ApiClient.swift */ = {isa = PBXFileReference; lastKnownFileType = sourcecode.swift; path = ApiClient.swift; sourceTree = "<group>"; };
		210C767120356DAB00DAADA6 /* JSON.swift */ = {isa = PBXFileReference; fileEncoding = 4; lastKnownFileType = sourcecode.swift; path = JSON.swift; sourceTree = "<group>"; };
		210C767320356DB500DAADA6 /* Result.swift */ = {isa = PBXFileReference; fileEncoding = 4; lastKnownFileType = sourcecode.swift; path = Result.swift; sourceTree = "<group>"; };
		210C767520356F1F00DAADA6 /* NearbyPlacesResponse.swift */ = {isa = PBXFileReference; lastKnownFileType = sourcecode.swift; path = NearbyPlacesResponse.swift; sourceTree = "<group>"; };
		210C7679203570F900DAADA6 /* URLSessionApiClient.swift */ = {isa = PBXFileReference; lastKnownFileType = sourcecode.swift; path = URLSessionApiClient.swift; sourceTree = "<group>"; };
		210C767B2035763500DAADA6 /* LocationManager.swift */ = {isa = PBXFileReference; lastKnownFileType = sourcecode.swift; path = LocationManager.swift; sourceTree = "<group>"; };
		210C767D2035807E00DAADA6 /* NearbyError.swift */ = {isa = PBXFileReference; lastKnownFileType = sourcecode.swift; path = NearbyError.swift; sourceTree = "<group>"; };
		210C767F203589A900DAADA6 /* PlacesTableViewViewModel.swift */ = {isa = PBXFileReference; lastKnownFileType = sourcecode.swift; path = PlacesTableViewViewModel.swift; sourceTree = "<group>"; };
		210C76812035B30D00DAADA6 /* Bindable.swift */ = {isa = PBXFileReference; lastKnownFileType = sourcecode.swift; path = Bindable.swift; sourceTree = "<group>"; };
		210F8405203A592C00F62302 /* AppTabBarController.swift */ = {isa = PBXFileReference; lastKnownFileType = sourcecode.swift; path = AppTabBarController.swift; sourceTree = "<group>"; };
		210FC564203B0D3D0060E8B5 /* Places.xcdatamodel */ = {isa = PBXFileReference; lastKnownFileType = wrapper.xcdatamodel; path = Places.xcdatamodel; sourceTree = "<group>"; };
		211D5FD5203F191F00DD21CD /* URLBuilder.swift */ = {isa = PBXFileReference; lastKnownFileType = sourcecode.swift; path = URLBuilder.swift; sourceTree = "<group>"; };
		211D601720404B8A00DD21CD /* XCTest.framework */ = {isa = PBXFileReference; lastKnownFileType = wrapper.framework; name = XCTest.framework; path = Platforms/iPhoneOS.platform/Developer/Library/Frameworks/XCTest.framework; sourceTree = DEVELOPER_DIR; };
		211D602420404D4D00DD21CD /* sample.json */ = {isa = PBXFileReference; fileEncoding = 4; lastKnownFileType = text.json; path = sample.json; sourceTree = "<group>"; };
		211D602520404D4D00DD21CD /* NearbyPlacesTests.swift */ = {isa = PBXFileReference; fileEncoding = 4; lastKnownFileType = sourcecode.swift; path = NearbyPlacesTests.swift; sourceTree = "<group>"; };
		211D602620404D4E00DD21CD /* PlacesViewModelTests.swift */ = {isa = PBXFileReference; fileEncoding = 4; lastKnownFileType = sourcecode.swift; path = PlacesViewModelTests.swift; sourceTree = "<group>"; };
		211D602720404D4E00DD21CD /* GoogleResultTest.swift */ = {isa = PBXFileReference; fileEncoding = 4; lastKnownFileType = sourcecode.swift; path = GoogleResultTest.swift; sourceTree = "<group>"; };
		211D602820404D4E00DD21CD /* Info.plist */ = {isa = PBXFileReference; fileEncoding = 4; lastKnownFileType = text.plist.xml; path = Info.plist; sourceTree = "<group>"; };
		211D603920404EDA00DD21CD /* TestExtensions.swift */ = {isa = PBXFileReference; lastKnownFileType = sourcecode.swift; path = TestExtensions.swift; sourceTree = "<group>"; };
		21459193203613C500BB0B54 /* PlaceTableViewCell.swift */ = {isa = PBXFileReference; lastKnownFileType = sourcecode.swift; path = PlaceTableViewCell.swift; sourceTree = "<group>"; };
		214591952036157100BB0B54 /* PlaceCellViewModel.swift */ = {isa = PBXFileReference; lastKnownFileType = sourcecode.swift; path = PlaceCellViewModel.swift; sourceTree = "<group>"; };
		21784EC2203ED6B000FBD25D /* Extensions.swift */ = {isa = PBXFileReference; lastKnownFileType = sourcecode.swift; path = Extensions.swift; sourceTree = "<group>"; };
		21784EC4203EDFB300FBD25D /* AppTabBarViewModel.swift */ = {isa = PBXFileReference; lastKnownFileType = sourcecode.swift; path = AppTabBarViewModel.swift; sourceTree = "<group>"; };
		217F1C2A2039B4A900CF9810 /* MapViewViewModel.swift */ = {isa = PBXFileReference; lastKnownFileType = sourcecode.swift; path = MapViewViewModel.swift; sourceTree = "<group>"; };
		2186A407203DDABF0091D190 /* Reachability.swift */ = {isa = PBXFileReference; lastKnownFileType = sourcecode.swift; path = Reachability.swift; sourceTree = "<group>"; };
		21DA1AD0203C0B6A00D508D6 /* Persistent.swift */ = {isa = PBXFileReference; lastKnownFileType = sourcecode.swift; path = Persistent.swift; sourceTree = "<group>"; };
		21DA1AD2203C0F5C00D508D6 /* PersistentCoreData.swift */ = {isa = PBXFileReference; lastKnownFileType = sourcecode.swift; path = PersistentCoreData.swift; sourceTree = "<group>"; };
		21DA1AD4203C18B400D508D6 /* CoreDataStack.swift */ = {isa = PBXFileReference; lastKnownFileType = sourcecode.swift; path = CoreDataStack.swift; sourceTree = "<group>"; };
		21DA1AD6203C1BBA00D508D6 /* Place+CoreDataClass.swift */ = {isa = PBXFileReference; lastKnownFileType = sourcecode.swift; name = "Place+CoreDataClass.swift"; path = "NearbyPlaces/Model/Place+CoreDataClass.swift"; sourceTree = "<group>"; };
		21DA1AD7203C1BBA00D508D6 /* Place+CoreDataProperties.swift */ = {isa = PBXFileReference; lastKnownFileType = sourcecode.swift; name = "Place+CoreDataProperties.swift"; path = "NearbyPlaces/Model/Place+CoreDataProperties.swift"; sourceTree = "<group>"; };
		21F5E9EE20334AEE007B72A6 /* NearbyPlaces.app */ = {isa = PBXFileReference; explicitFileType = wrapper.application; includeInIndex = 0; path = NearbyPlaces.app; sourceTree = BUILT_PRODUCTS_DIR; };
		21F5E9F120334AEE007B72A6 /* AppDelegate.swift */ = {isa = PBXFileReference; lastKnownFileType = sourcecode.swift; path = AppDelegate.swift; sourceTree = "<group>"; };
		21F5E9F820334AEE007B72A6 /* Assets.xcassets */ = {isa = PBXFileReference; lastKnownFileType = folder.assetcatalog; path = Assets.xcassets; sourceTree = "<group>"; };
		21F5E9FB20334AEE007B72A6 /* Base */ = {isa = PBXFileReference; lastKnownFileType = file.storyboard; name = Base; path = Base.lproj/LaunchScreen.storyboard; sourceTree = "<group>"; };
		21F5E9FD20334AEE007B72A6 /* Info.plist */ = {isa = PBXFileReference; lastKnownFileType = text.plist.xml; path = Info.plist; sourceTree = "<group>"; };
		21F5EA0220334AEF007B72A6 /* NearbyPlacesTests.xctest */ = {isa = PBXFileReference; explicitFileType = wrapper.cfbundle; includeInIndex = 0; path = NearbyPlacesTests.xctest; sourceTree = BUILT_PRODUCTS_DIR; };
		21F5EA0D20334AEF007B72A6 /* NearbyPlacesUITests.xctest */ = {isa = PBXFileReference; explicitFileType = wrapper.cfbundle; includeInIndex = 0; path = NearbyPlacesUITests.xctest; sourceTree = BUILT_PRODUCTS_DIR; };
		21F5EA1120334AEF007B72A6 /* NearbyPlacesUITests.swift */ = {isa = PBXFileReference; lastKnownFileType = sourcecode.swift; path = NearbyPlacesUITests.swift; sourceTree = "<group>"; };
		21F5EA1320334AEF007B72A6 /* Info.plist */ = {isa = PBXFileReference; lastKnownFileType = text.plist.xml; path = Info.plist; sourceTree = "<group>"; };
		21F5EA24203365AB007B72A6 /* PlacesTableViewController.swift */ = {isa = PBXFileReference; lastKnownFileType = sourcecode.swift; path = PlacesTableViewController.swift; sourceTree = "<group>"; };
		21F5EA26203365ED007B72A6 /* MapViewController.swift */ = {isa = PBXFileReference; lastKnownFileType = sourcecode.swift; path = MapViewController.swift; sourceTree = "<group>"; };
		21F5EA2920337DE4007B72A6 /* TabCoordinator.swift */ = {isa = PBXFileReference; lastKnownFileType = sourcecode.swift; path = TabCoordinator.swift; sourceTree = "<group>"; };
		21F5EA2D20337E47007B72A6 /* MapTabCoordinator.swift */ = {isa = PBXFileReference; lastKnownFileType = sourcecode.swift; path = MapTabCoordinator.swift; sourceTree = "<group>"; };
		21F5EA2F20338E67007B72A6 /* PlacesTabCoordinator.swift */ = {isa = PBXFileReference; lastKnownFileType = sourcecode.swift; path = PlacesTabCoordinator.swift; sourceTree = "<group>"; };
		21F5EA312033973F007B72A6 /* AppCoordinator.swift */ = {isa = PBXFileReference; lastKnownFileType = sourcecode.swift; path = AppCoordinator.swift; sourceTree = "<group>"; };
/* End PBXFileReference section */

/* Begin PBXFrameworksBuildPhase section */
		21F5E9EB20334AEE007B72A6 /* Frameworks */ = {
			isa = PBXFrameworksBuildPhase;
			buildActionMask = 2147483647;
			files = (
			);
			runOnlyForDeploymentPostprocessing = 0;
		};
		21F5E9FF20334AEF007B72A6 /* Frameworks */ = {
			isa = PBXFrameworksBuildPhase;
			buildActionMask = 2147483647;
			files = (
			);
			runOnlyForDeploymentPostprocessing = 0;
		};
		21F5EA0A20334AEF007B72A6 /* Frameworks */ = {
			isa = PBXFrameworksBuildPhase;
			buildActionMask = 2147483647;
			files = (
			);
			runOnlyForDeploymentPostprocessing = 0;
		};
/* End PBXFrameworksBuildPhase section */

/* Begin PBXGroup section */
		211D601620404B8900DD21CD /* Frameworks */ = {
			isa = PBXGroup;
			children = (
				211D601720404B8A00DD21CD /* XCTest.framework */,
			);
			name = Frameworks;
			sourceTree = "<group>";
		};
		211D602320404D2D00DD21CD /* NearbyPlacesTests */ = {
			isa = PBXGroup;
			children = (
				211D602720404D4E00DD21CD /* GoogleResultTest.swift */,
				211D602820404D4E00DD21CD /* Info.plist */,
				211D602520404D4D00DD21CD /* NearbyPlacesTests.swift */,
				211D602620404D4E00DD21CD /* PlacesViewModelTests.swift */,
				211D602420404D4D00DD21CD /* sample.json */,
				211D603920404EDA00DD21CD /* TestExtensions.swift */,
			);
			path = NearbyPlacesTests;
			sourceTree = "<group>";
		};
		21DA1ACF203C0B4B00D508D6 /* Persistent */ = {
			isa = PBXGroup;
			children = (
				21DA1AD0203C0B6A00D508D6 /* Persistent.swift */,
				21DA1AD2203C0F5C00D508D6 /* PersistentCoreData.swift */,
				21DA1AD4203C18B400D508D6 /* CoreDataStack.swift */,
			);
			path = Persistent;
			sourceTree = "<group>";
		};
		21F5E9E520334AEE007B72A6 = {
			isa = PBXGroup;
			children = (
				21DA1AD6203C1BBA00D508D6 /* Place+CoreDataClass.swift */,
				21DA1AD7203C1BBA00D508D6 /* Place+CoreDataProperties.swift */,
				21F5E9F020334AEE007B72A6 /* NearbyPlaces */,
				211D602320404D2D00DD21CD /* NearbyPlacesTests */,
				21F5EA1020334AEF007B72A6 /* NearbyPlacesUITests */,
				21F5E9EF20334AEE007B72A6 /* Products */,
				211D601620404B8900DD21CD /* Frameworks */,
			);
			sourceTree = "<group>";
		};
		21F5E9EF20334AEE007B72A6 /* Products */ = {
			isa = PBXGroup;
			children = (
				21F5E9EE20334AEE007B72A6 /* NearbyPlaces.app */,
				21F5EA0220334AEF007B72A6 /* NearbyPlacesTests.xctest */,
				21F5EA0D20334AEF007B72A6 /* NearbyPlacesUITests.xctest */,
			);
			name = Products;
			sourceTree = "<group>";
		};
		21F5E9F020334AEE007B72A6 /* NearbyPlaces */ = {
			isa = PBXGroup;
			children = (
				21DA1ACF203C0B4B00D508D6 /* Persistent */,
				21F5EA2820337B0D007B72A6 /* Coordinator */,
				21F5EA2320335C8C007B72A6 /* Model */,
				21F5EA2220335C30007B72A6 /* View */,
				21F5EA2120335C1F007B72A6 /* ViewModel */,
				21F5EA2020335C0F007B72A6 /* API */,
				21F5EA1F20335BD5007B72A6 /* Helpers */,
				21F5E9F120334AEE007B72A6 /* AppDelegate.swift */,
				21F5E9F820334AEE007B72A6 /* Assets.xcassets */,
				21F5E9FA20334AEE007B72A6 /* LaunchScreen.storyboard */,
				21F5E9FD20334AEE007B72A6 /* Info.plist */,
				210FC563203B0D3D0060E8B5 /* Places.xcdatamodeld */,
			);
			path = NearbyPlaces;
			sourceTree = "<group>";
		};
		21F5EA1020334AEF007B72A6 /* NearbyPlacesUITests */ = {
			isa = PBXGroup;
			children = (
				21F5EA1120334AEF007B72A6 /* NearbyPlacesUITests.swift */,
				21F5EA1320334AEF007B72A6 /* Info.plist */,
			);
			path = NearbyPlacesUITests;
			sourceTree = "<group>";
		};
		21F5EA1F20335BD5007B72A6 /* Helpers */ = {
			isa = PBXGroup;
			children = (
				210C767320356DB500DAADA6 /* Result.swift */,
				210C767120356DAB00DAADA6 /* JSON.swift */,
				210C767B2035763500DAADA6 /* LocationManager.swift */,
				210C767D2035807E00DAADA6 /* NearbyError.swift */,
				210C76812035B30D00DAADA6 /* Bindable.swift */,
				2186A407203DDABF0091D190 /* Reachability.swift */,
				21784EC2203ED6B000FBD25D /* Extensions.swift */,
				211D5FD5203F191F00DD21CD /* URLBuilder.swift */,
			);
			path = Helpers;
			sourceTree = "<group>";
		};
		21F5EA2020335C0F007B72A6 /* API */ = {
			isa = PBXGroup;
			children = (
				210C766F20356AD500DAADA6 /* ApiClient.swift */,
				210C7679203570F900DAADA6 /* URLSessionApiClient.swift */,
			);
			path = API;
			sourceTree = "<group>";
		};
		21F5EA2120335C1F007B72A6 /* ViewModel */ = {
			isa = PBXGroup;
			children = (
				210C767F203589A900DAADA6 /* PlacesTableViewViewModel.swift */,
				214591952036157100BB0B54 /* PlaceCellViewModel.swift */,
				217F1C2A2039B4A900CF9810 /* MapViewViewModel.swift */,
				21784EC4203EDFB300FBD25D /* AppTabBarViewModel.swift */,
			);
			path = ViewModel;
			sourceTree = "<group>";
		};
		21F5EA2220335C30007B72A6 /* View */ = {
			isa = PBXGroup;
			children = (
				21F5EA24203365AB007B72A6 /* PlacesTableViewController.swift */,
				21F5EA26203365ED007B72A6 /* MapViewController.swift */,
				21459193203613C500BB0B54 /* PlaceTableViewCell.swift */,
				210F8405203A592C00F62302 /* AppTabBarController.swift */,
			);
			path = View;
			sourceTree = "<group>";
		};
		21F5EA2320335C8C007B72A6 /* Model */ = {
			isa = PBXGroup;
			children = (
				210C767520356F1F00DAADA6 /* NearbyPlacesResponse.swift */,
			);
			path = Model;
			sourceTree = "<group>";
		};
		21F5EA2820337B0D007B72A6 /* Coordinator */ = {
			isa = PBXGroup;
			children = (
				21F5EA2920337DE4007B72A6 /* TabCoordinator.swift */,
				21F5EA2D20337E47007B72A6 /* MapTabCoordinator.swift */,
				21F5EA2F20338E67007B72A6 /* PlacesTabCoordinator.swift */,
				21F5EA312033973F007B72A6 /* AppCoordinator.swift */,
			);
			path = Coordinator;
			sourceTree = "<group>";
		};
/* End PBXGroup section */

/* Begin PBXNativeTarget section */
		21F5E9ED20334AEE007B72A6 /* NearbyPlaces */ = {
			isa = PBXNativeTarget;
			buildConfigurationList = 21F5EA1620334AEF007B72A6 /* Build configuration list for PBXNativeTarget "NearbyPlaces" */;
			buildPhases = (
				21F5E9EA20334AEE007B72A6 /* Sources */,
				21F5E9EB20334AEE007B72A6 /* Frameworks */,
				21F5E9EC20334AEE007B72A6 /* Resources */,
			);
			buildRules = (
			);
			dependencies = (
			);
			name = NearbyPlaces;
			productName = NearbyPlaces;
			productReference = 21F5E9EE20334AEE007B72A6 /* NearbyPlaces.app */;
			productType = "com.apple.product-type.application";
		};
		21F5EA0120334AEF007B72A6 /* NearbyPlacesTests */ = {
			isa = PBXNativeTarget;
			buildConfigurationList = 21F5EA1920334AEF007B72A6 /* Build configuration list for PBXNativeTarget "NearbyPlacesTests" */;
			buildPhases = (
				21F5E9FE20334AEF007B72A6 /* Sources */,
				21F5E9FF20334AEF007B72A6 /* Frameworks */,
				21F5EA0020334AEF007B72A6 /* Resources */,
			);
			buildRules = (
			);
			dependencies = (
				21F5EA0420334AEF007B72A6 /* PBXTargetDependency */,
			);
			name = NearbyPlacesTests;
			productName = NearbyPlacesTests;
			productReference = 21F5EA0220334AEF007B72A6 /* NearbyPlacesTests.xctest */;
			productType = "com.apple.product-type.bundle.unit-test";
		};
		21F5EA0C20334AEF007B72A6 /* NearbyPlacesUITests */ = {
			isa = PBXNativeTarget;
			buildConfigurationList = 21F5EA1C20334AEF007B72A6 /* Build configuration list for PBXNativeTarget "NearbyPlacesUITests" */;
			buildPhases = (
				21F5EA0920334AEF007B72A6 /* Sources */,
				21F5EA0A20334AEF007B72A6 /* Frameworks */,
				21F5EA0B20334AEF007B72A6 /* Resources */,
			);
			buildRules = (
			);
			dependencies = (
				21F5EA0F20334AEF007B72A6 /* PBXTargetDependency */,
			);
			name = NearbyPlacesUITests;
			productName = NearbyPlacesUITests;
			productReference = 21F5EA0D20334AEF007B72A6 /* NearbyPlacesUITests.xctest */;
			productType = "com.apple.product-type.bundle.ui-testing";
		};
/* End PBXNativeTarget section */

/* Begin PBXProject section */
		21F5E9E620334AEE007B72A6 /* Project object */ = {
			isa = PBXProject;
			attributes = {
				LastSwiftUpdateCheck = 0920;
				LastUpgradeCheck = 0920;
				ORGANIZATIONNAME = "Marto Kenarov";
				TargetAttributes = {
					21F5E9ED20334AEE007B72A6 = {
						CreatedOnToolsVersion = 9.2;
						ProvisioningStyle = Automatic;
					};
					21F5EA0120334AEF007B72A6 = {
						CreatedOnToolsVersion = 9.2;
						ProvisioningStyle = Automatic;
						TestTargetID = 21F5E9ED20334AEE007B72A6;
					};
					21F5EA0C20334AEF007B72A6 = {
						CreatedOnToolsVersion = 9.2;
						ProvisioningStyle = Automatic;
						TestTargetID = 21F5E9ED20334AEE007B72A6;
					};
				};
			};
			buildConfigurationList = 21F5E9E920334AEE007B72A6 /* Build configuration list for PBXProject "NearbyPlaces" */;
			compatibilityVersion = "Xcode 8.0";
			developmentRegion = en;
			hasScannedForEncodings = 0;
			knownRegions = (
				en,
				Base,
			);
			mainGroup = 21F5E9E520334AEE007B72A6;
			productRefGroup = 21F5E9EF20334AEE007B72A6 /* Products */;
			projectDirPath = "";
			projectRoot = "";
			targets = (
				21F5E9ED20334AEE007B72A6 /* NearbyPlaces */,
				21F5EA0120334AEF007B72A6 /* NearbyPlacesTests */,
				21F5EA0C20334AEF007B72A6 /* NearbyPlacesUITests */,
			);
		};
/* End PBXProject section */

/* Begin PBXResourcesBuildPhase section */
		21F5E9EC20334AEE007B72A6 /* Resources */ = {
			isa = PBXResourcesBuildPhase;
			buildActionMask = 2147483647;
			files = (
				211D603520404D4F00DD21CD /* Info.plist in Resources */,
				21F5E9FC20334AEE007B72A6 /* LaunchScreen.storyboard in Resources */,
				21F5E9F920334AEE007B72A6 /* Assets.xcassets in Resources */,
				211D602920404D4F00DD21CD /* sample.json in Resources */,
			);
			runOnlyForDeploymentPostprocessing = 0;
		};
		21F5EA0020334AEF007B72A6 /* Resources */ = {
			isa = PBXResourcesBuildPhase;
			buildActionMask = 2147483647;
			files = (
				211D603620404D4F00DD21CD /* Info.plist in Resources */,
				211D602A20404D4F00DD21CD /* sample.json in Resources */,
			);
			runOnlyForDeploymentPostprocessing = 0;
		};
		21F5EA0B20334AEF007B72A6 /* Resources */ = {
			isa = PBXResourcesBuildPhase;
			buildActionMask = 2147483647;
			files = (
				211D603720404D4F00DD21CD /* Info.plist in Resources */,
				211D602B20404D4F00DD21CD /* sample.json in Resources */,
			);
			runOnlyForDeploymentPostprocessing = 0;
		};
/* End PBXResourcesBuildPhase section */

/* Begin PBXSourcesBuildPhase section */
		21F5E9EA20334AEE007B72A6 /* Sources */ = {
			isa = PBXSourcesBuildPhase;
			buildActionMask = 2147483647;
			files = (
				21DA1AD1203C0B6A00D508D6 /* Persistent.swift in Sources */,
				210C7680203589A900DAADA6 /* PlacesTableViewViewModel.swift in Sources */,
				210FC565203B0D3D0060E8B5 /* Places.xcdatamodeld in Sources */,
				214591962036157100BB0B54 /* PlaceCellViewModel.swift in Sources */,
				21F5E9F220334AEE007B72A6 /* AppDelegate.swift in Sources */,
				211D5FD6203F191F00DD21CD /* URLBuilder.swift in Sources */,
				2186A408203DDABF0091D190 /* Reachability.swift in Sources */,
				210C767620356F1F00DAADA6 /* NearbyPlacesResponse.swift in Sources */,
				21F5EA27203365ED007B72A6 /* MapViewController.swift in Sources */,
				210C767A203570F900DAADA6 /* URLSessionApiClient.swift in Sources */,
				210C76822035B30D00DAADA6 /* Bindable.swift in Sources */,
				21F5EA2E20337E47007B72A6 /* MapTabCoordinator.swift in Sources */,
				210F8406203A592C00F62302 /* AppTabBarController.swift in Sources */,
				210C767220356DAB00DAADA6 /* JSON.swift in Sources */,
				21DA1AD8203C1BBA00D508D6 /* Place+CoreDataClass.swift in Sources */,
				217F1C2B2039B4A900CF9810 /* MapViewViewModel.swift in Sources */,
				210C767020356AD500DAADA6 /* ApiClient.swift in Sources */,
				21DA1AD3203C0F5C00D508D6 /* PersistentCoreData.swift in Sources */,
				21F5EA2A20337DE4007B72A6 /* TabCoordinator.swift in Sources */,
				21459194203613C600BB0B54 /* PlaceTableViewCell.swift in Sources */,
				210C767420356DB500DAADA6 /* Result.swift in Sources */,
				21784EC5203EDFB400FBD25D /* AppTabBarViewModel.swift in Sources */,
				210C767C2035763500DAADA6 /* LocationManager.swift in Sources */,
				21DA1AD5203C18B400D508D6 /* CoreDataStack.swift in Sources */,
				21DA1AD9203C1BBA00D508D6 /* Place+CoreDataProperties.swift in Sources */,
				21F5EA3020338E67007B72A6 /* PlacesTabCoordinator.swift in Sources */,
				21F5EA25203365AB007B72A6 /* PlacesTableViewController.swift in Sources */,
				21F5EA322033973F007B72A6 /* AppCoordinator.swift in Sources */,
				210C767E2035807E00DAADA6 /* NearbyError.swift in Sources */,
				21784EC3203ED6B000FBD25D /* Extensions.swift in Sources */,
			);
			runOnlyForDeploymentPostprocessing = 0;
		};
		21F5E9FE20334AEF007B72A6 /* Sources */ = {
			isa = PBXSourcesBuildPhase;
			buildActionMask = 2147483647;
			files = (
				21F2EE1C2040518D003D469B /* AppTabBarViewModel.swift in Sources */,
				211D5FE5204029FF00DD21CD /* PlacesTableViewViewModel.swift in Sources */,
				211D600B2040472300DD21CD /* Place+CoreDataProperties.swift in Sources */,
				21F2EE1720405176003D469B /* MapViewViewModel.swift in Sources */,
				211D603320404D4F00DD21CD /* GoogleResultTest.swift in Sources */,
				211D5FDC2040099A00DD21CD /* Result.swift in Sources */,
				211D5FE9204043B500DD21CD /* Reachability.swift in Sources */,
				211D5FE72040405100DD21CD /* Persistent.swift in Sources */,
				211D5FED2040451C00DD21CD /* URLBuilder.swift in Sources */,
				211D603A20404EDA00DD21CD /* TestExtensions.swift in Sources */,
				211D5FF02040459300DD21CD /* PlaceCellViewModel.swift in Sources */,
				211D5FD92040051800DD21CD /* JSON.swift in Sources */,
				211D5FF4204045F200DD21CD /* MapViewController.swift in Sources */,
				211D5FE8204043B200DD21CD /* Bindable.swift in Sources */,
				211D5FEA204044E600DD21CD /* NearbyError.swift in Sources */,
				211D5FDA2040053700DD21CD /* NearbyPlacesResponse.swift in Sources */,
				211D5FEE2040452600DD21CD /* CoreDataStack.swift in Sources */,
				211D5FDB2040087000DD21CD /* ApiClient.swift in Sources */,
				211D602D20404D4F00DD21CD /* NearbyPlacesTests.swift in Sources */,
				211D5FEC2040450E00DD21CD /* URLSessionApiClient.swift in Sources */,
				211D60062040471000DD21CD /* TabCoordinator.swift in Sources */,
				211D600F2040482000DD21CD /* Extensions.swift in Sources */,
				211D5FE6204039C100DD21CD /* LocationManager.swift in Sources */,
				211D603020404D4F00DD21CD /* PlacesViewModelTests.swift in Sources */,
				211D60082040471B00DD21CD /* Place+CoreDataClass.swift in Sources */,
				21F2EE1A20405183003D469B /* AppTabBarController.swift in Sources */,
				211D5FF2204045EF00DD21CD /* PlacesTableViewController.swift in Sources */,
				211D5FF6204045F700DD21CD /* PlaceTableViewCell.swift in Sources */,
			);
			runOnlyForDeploymentPostprocessing = 0;
		};
		21F5EA0920334AEF007B72A6 /* Sources */ = {
			isa = PBXSourcesBuildPhase;
			buildActionMask = 2147483647;
			files = (
				211D600D204047EC00DD21CD /* NearbyPlacesResponse.swift in Sources */,
				211D60002040467500DD21CD /* Reachability.swift in Sources */,
				211D5FFF2040466700DD21CD /* Bindable.swift in Sources */,
				21F5EA1220334AEF007B72A6 /* NearbyPlacesUITests.swift in Sources */,
				211D60072040471000DD21CD /* TabCoordinator.swift in Sources */,
				211D5FF1204045D000DD21CD /* URLBuilder.swift in Sources */,
				211D60092040471B00DD21CD /* Place+CoreDataClass.swift in Sources */,
				211D5FFD2040464100DD21CD /* PlaceCellViewModel.swift in Sources */,
				211D600A2040472300DD21CD /* Place+CoreDataProperties.swift in Sources */,
				21F2EE1920405182003D469B /* AppTabBarController.swift in Sources */,
				211D5FFC2040463400DD21CD /* Persistent.swift in Sources */,
				211D60012040468400DD21CD /* JSON.swift in Sources */,
				211D60022040468D00DD21CD /* CoreDataStack.swift in Sources */,
				21F2EE1820405177003D469B /* MapViewViewModel.swift in Sources */,
				211D5FFE2040465900DD21CD /* URLSessionApiClient.swift in Sources */,
				211D5FFB2040461B00DD21CD /* ApiClient.swift in Sources */,
				211D602E20404D4F00DD21CD /* NearbyPlacesTests.swift in Sources */,
				211D603B20404EDA00DD21CD /* TestExtensions.swift in Sources */,
				211D5FF8204045FB00DD21CD /* PlacesTableViewViewModel.swift in Sources */,
				211D603420404D4F00DD21CD /* GoogleResultTest.swift in Sources */,
				21F2EE1B2040518D003D469B /* AppTabBarViewModel.swift in Sources */,
				211D5FF92040460400DD21CD /* LocationManager.swift in Sources */,
				211D5FF3204045EF00DD21CD /* PlacesTableViewController.swift in Sources */,
				211D600E2040482000DD21CD /* Extensions.swift in Sources */,
				211D6003204046F100DD21CD /* NearbyError.swift in Sources */,
				211D603120404D4F00DD21CD /* PlacesViewModelTests.swift in Sources */,
				211D5FF5204045F300DD21CD /* MapViewController.swift in Sources */,
				211D5FFA2040460900DD21CD /* Result.swift in Sources */,
				211D5FF7204045F700DD21CD /* PlaceTableViewCell.swift in Sources */,
			);
			runOnlyForDeploymentPostprocessing = 0;
		};
/* End PBXSourcesBuildPhase section */

/* Begin PBXTargetDependency section */
		21F5EA0420334AEF007B72A6 /* PBXTargetDependency */ = {
			isa = PBXTargetDependency;
			target = 21F5E9ED20334AEE007B72A6 /* NearbyPlaces */;
			targetProxy = 21F5EA0320334AEF007B72A6 /* PBXContainerItemProxy */;
		};
		21F5EA0F20334AEF007B72A6 /* PBXTargetDependency */ = {
			isa = PBXTargetDependency;
			target = 21F5E9ED20334AEE007B72A6 /* NearbyPlaces */;
			targetProxy = 21F5EA0E20334AEF007B72A6 /* PBXContainerItemProxy */;
		};
/* End PBXTargetDependency section */

/* Begin PBXVariantGroup section */
		21F5E9FA20334AEE007B72A6 /* LaunchScreen.storyboard */ = {
			isa = PBXVariantGroup;
			children = (
				21F5E9FB20334AEE007B72A6 /* Base */,
			);
			name = LaunchScreen.storyboard;
			sourceTree = "<group>";
		};
/* End PBXVariantGroup section */

/* Begin XCBuildConfiguration section */
		21F5EA1420334AEF007B72A6 /* Debug */ = {
			isa = XCBuildConfiguration;
			buildSettings = {
				ALWAYS_SEARCH_USER_PATHS = NO;
				CLANG_ANALYZER_NONNULL = YES;
				CLANG_ANALYZER_NUMBER_OBJECT_CONVERSION = YES_AGGRESSIVE;
				CLANG_CXX_LANGUAGE_STANDARD = "gnu++14";
				CLANG_CXX_LIBRARY = "libc++";
				CLANG_ENABLE_MODULES = YES;
				CLANG_ENABLE_OBJC_ARC = YES;
				CLANG_WARN_BLOCK_CAPTURE_AUTORELEASING = YES;
				CLANG_WARN_BOOL_CONVERSION = YES;
				CLANG_WARN_COMMA = YES;
				CLANG_WARN_CONSTANT_CONVERSION = YES;
				CLANG_WARN_DIRECT_OBJC_ISA_USAGE = YES_ERROR;
				CLANG_WARN_DOCUMENTATION_COMMENTS = YES;
				CLANG_WARN_EMPTY_BODY = YES;
				CLANG_WARN_ENUM_CONVERSION = YES;
				CLANG_WARN_INFINITE_RECURSION = YES;
				CLANG_WARN_INT_CONVERSION = YES;
				CLANG_WARN_NON_LITERAL_NULL_CONVERSION = YES;
				CLANG_WARN_OBJC_LITERAL_CONVERSION = YES;
				CLANG_WARN_OBJC_ROOT_CLASS = YES_ERROR;
				CLANG_WARN_RANGE_LOOP_ANALYSIS = YES;
				CLANG_WARN_STRICT_PROTOTYPES = YES;
				CLANG_WARN_SUSPICIOUS_MOVE = YES;
				CLANG_WARN_UNGUARDED_AVAILABILITY = YES_AGGRESSIVE;
				CLANG_WARN_UNREACHABLE_CODE = YES;
				CLANG_WARN__DUPLICATE_METHOD_MATCH = YES;
				CODE_SIGN_IDENTITY = "iPhone Developer";
				COPY_PHASE_STRIP = NO;
				DEBUG_INFORMATION_FORMAT = dwarf;
				ENABLE_STRICT_OBJC_MSGSEND = YES;
				ENABLE_TESTABILITY = YES;
				GCC_C_LANGUAGE_STANDARD = gnu11;
				GCC_DYNAMIC_NO_PIC = NO;
				GCC_NO_COMMON_BLOCKS = YES;
				GCC_OPTIMIZATION_LEVEL = 0;
				GCC_PREPROCESSOR_DEFINITIONS = (
					"DEBUG=1",
					"$(inherited)",
				);
				GCC_WARN_64_TO_32_BIT_CONVERSION = YES;
				GCC_WARN_ABOUT_RETURN_TYPE = YES_ERROR;
				GCC_WARN_UNDECLARED_SELECTOR = YES;
				GCC_WARN_UNINITIALIZED_AUTOS = YES_AGGRESSIVE;
				GCC_WARN_UNUSED_FUNCTION = YES;
				GCC_WARN_UNUSED_VARIABLE = YES;
				IPHONEOS_DEPLOYMENT_TARGET = 11.2;
				MTL_ENABLE_DEBUG_INFO = YES;
				ONLY_ACTIVE_ARCH = YES;
				SDKROOT = iphoneos;
				SWIFT_ACTIVE_COMPILATION_CONDITIONS = DEBUG;
				SWIFT_OPTIMIZATION_LEVEL = "-Onone";
			};
			name = Debug;
		};
		21F5EA1520334AEF007B72A6 /* Release */ = {
			isa = XCBuildConfiguration;
			buildSettings = {
				ALWAYS_SEARCH_USER_PATHS = NO;
				CLANG_ANALYZER_NONNULL = YES;
				CLANG_ANALYZER_NUMBER_OBJECT_CONVERSION = YES_AGGRESSIVE;
				CLANG_CXX_LANGUAGE_STANDARD = "gnu++14";
				CLANG_CXX_LIBRARY = "libc++";
				CLANG_ENABLE_MODULES = YES;
				CLANG_ENABLE_OBJC_ARC = YES;
				CLANG_WARN_BLOCK_CAPTURE_AUTORELEASING = YES;
				CLANG_WARN_BOOL_CONVERSION = YES;
				CLANG_WARN_COMMA = YES;
				CLANG_WARN_CONSTANT_CONVERSION = YES;
				CLANG_WARN_DIRECT_OBJC_ISA_USAGE = YES_ERROR;
				CLANG_WARN_DOCUMENTATION_COMMENTS = YES;
				CLANG_WARN_EMPTY_BODY = YES;
				CLANG_WARN_ENUM_CONVERSION = YES;
				CLANG_WARN_INFINITE_RECURSION = YES;
				CLANG_WARN_INT_CONVERSION = YES;
				CLANG_WARN_NON_LITERAL_NULL_CONVERSION = YES;
				CLANG_WARN_OBJC_LITERAL_CONVERSION = YES;
				CLANG_WARN_OBJC_ROOT_CLASS = YES_ERROR;
				CLANG_WARN_RANGE_LOOP_ANALYSIS = YES;
				CLANG_WARN_STRICT_PROTOTYPES = YES;
				CLANG_WARN_SUSPICIOUS_MOVE = YES;
				CLANG_WARN_UNGUARDED_AVAILABILITY = YES_AGGRESSIVE;
				CLANG_WARN_UNREACHABLE_CODE = YES;
				CLANG_WARN__DUPLICATE_METHOD_MATCH = YES;
				CODE_SIGN_IDENTITY = "iPhone Developer";
				COPY_PHASE_STRIP = NO;
				DEBUG_INFORMATION_FORMAT = "dwarf-with-dsym";
				ENABLE_NS_ASSERTIONS = NO;
				ENABLE_STRICT_OBJC_MSGSEND = YES;
				GCC_C_LANGUAGE_STANDARD = gnu11;
				GCC_NO_COMMON_BLOCKS = YES;
				GCC_WARN_64_TO_32_BIT_CONVERSION = YES;
				GCC_WARN_ABOUT_RETURN_TYPE = YES_ERROR;
				GCC_WARN_UNDECLARED_SELECTOR = YES;
				GCC_WARN_UNINITIALIZED_AUTOS = YES_AGGRESSIVE;
				GCC_WARN_UNUSED_FUNCTION = YES;
				GCC_WARN_UNUSED_VARIABLE = YES;
				IPHONEOS_DEPLOYMENT_TARGET = 11.2;
				MTL_ENABLE_DEBUG_INFO = NO;
				SDKROOT = iphoneos;
				SWIFT_OPTIMIZATION_LEVEL = "-Owholemodule";
				VALIDATE_PRODUCT = YES;
			};
			name = Release;
		};
		21F5EA1720334AEF007B72A6 /* Debug */ = {
			isa = XCBuildConfiguration;
			buildSettings = {
				ASSETCATALOG_COMPILER_APPICON_NAME = AppIcon;
				CODE_SIGN_STYLE = Automatic;
				INFOPLIST_FILE = NearbyPlaces/Info.plist;
				LD_RUNPATH_SEARCH_PATHS = "$(inherited) @executable_path/Frameworks";
				PRODUCT_BUNDLE_IDENTIFIER = com.kenarov.NearbyPlaces;
				PRODUCT_NAME = "$(TARGET_NAME)";
				SWIFT_VERSION = 4.0;
				TARGETED_DEVICE_FAMILY = 1;
			};
			name = Debug;
		};
		21F5EA1820334AEF007B72A6 /* Release */ = {
			isa = XCBuildConfiguration;
			buildSettings = {
				ASSETCATALOG_COMPILER_APPICON_NAME = AppIcon;
				CODE_SIGN_STYLE = Automatic;
				INFOPLIST_FILE = NearbyPlaces/Info.plist;
				LD_RUNPATH_SEARCH_PATHS = "$(inherited) @executable_path/Frameworks";
				PRODUCT_BUNDLE_IDENTIFIER = com.kenarov.NearbyPlaces;
				PRODUCT_NAME = "$(TARGET_NAME)";
				SWIFT_VERSION = 4.0;
				TARGETED_DEVICE_FAMILY = 1;
			};
			name = Release;
		};
		21F5EA1A20334AEF007B72A6 /* Debug */ = {
			isa = XCBuildConfiguration;
			buildSettings = {
				ALWAYS_EMBED_SWIFT_STANDARD_LIBRARIES = YES;
				BUNDLE_LOADER = "$(TEST_HOST)";
				CODE_SIGN_STYLE = Automatic;
				INFOPLIST_FILE = NearbyPlacesTests/Info.plist;
				LD_RUNPATH_SEARCH_PATHS = "$(inherited) @executable_path/Frameworks @loader_path/Frameworks";
				PRODUCT_BUNDLE_IDENTIFIER = com.kenarov.NearbyPlacesTests;
				PRODUCT_NAME = "$(TARGET_NAME)";
				SWIFT_VERSION = 4.0;
				TARGETED_DEVICE_FAMILY = "1,2";
				TEST_HOST = "$(BUILT_PRODUCTS_DIR)/NearbyPlaces.app/NearbyPlaces";
			};
			name = Debug;
		};
		21F5EA1B20334AEF007B72A6 /* Release */ = {
			isa = XCBuildConfiguration;
			buildSettings = {
				ALWAYS_EMBED_SWIFT_STANDARD_LIBRARIES = YES;
				BUNDLE_LOADER = "$(TEST_HOST)";
				CODE_SIGN_STYLE = Automatic;
				INFOPLIST_FILE = NearbyPlacesTests/Info.plist;
				LD_RUNPATH_SEARCH_PATHS = "$(inherited) @executable_path/Frameworks @loader_path/Frameworks";
				PRODUCT_BUNDLE_IDENTIFIER = com.kenarov.NearbyPlacesTests;
				PRODUCT_NAME = "$(TARGET_NAME)";
				SWIFT_VERSION = 4.0;
				TARGETED_DEVICE_FAMILY = "1,2";
				TEST_HOST = "$(BUILT_PRODUCTS_DIR)/NearbyPlaces.app/NearbyPlaces";
			};
			name = Release;
		};
		21F5EA1D20334AEF007B72A6 /* Debug */ = {
			isa = XCBuildConfiguration;
			buildSettings = {
				ALWAYS_EMBED_SWIFT_STANDARD_LIBRARIES = YES;
				CODE_SIGN_STYLE = Automatic;
				INFOPLIST_FILE = NearbyPlacesUITests/Info.plist;
				LD_RUNPATH_SEARCH_PATHS = "$(inherited) @executable_path/Frameworks @loader_path/Frameworks";
				PRODUCT_BUNDLE_IDENTIFIER = com.kenarov.NearbyPlacesUITests;
				PRODUCT_NAME = "$(TARGET_NAME)";
				SWIFT_VERSION = 4.0;
				TARGETED_DEVICE_FAMILY = "1,2";
				TEST_TARGET_NAME = NearbyPlaces;
			};
			name = Debug;
		};
		21F5EA1E20334AEF007B72A6 /* Release */ = {
			isa = XCBuildConfiguration;
			buildSettings = {
				ALWAYS_EMBED_SWIFT_STANDARD_LIBRARIES = YES;
				CODE_SIGN_STYLE = Automatic;
				INFOPLIST_FILE = NearbyPlacesUITests/Info.plist;
				LD_RUNPATH_SEARCH_PATHS = "$(inherited) @executable_path/Frameworks @loader_path/Frameworks";
				PRODUCT_BUNDLE_IDENTIFIER = com.kenarov.NearbyPlacesUITests;
				PRODUCT_NAME = "$(TARGET_NAME)";
				SWIFT_VERSION = 4.0;
				TARGETED_DEVICE_FAMILY = "1,2";
				TEST_TARGET_NAME = NearbyPlaces;
			};
			name = Release;
		};
/* End XCBuildConfiguration section */

/* Begin XCConfigurationList section */
		21F5E9E920334AEE007B72A6 /* Build configuration list for PBXProject "NearbyPlaces" */ = {
			isa = XCConfigurationList;
			buildConfigurations = (
				21F5EA1420334AEF007B72A6 /* Debug */,
				21F5EA1520334AEF007B72A6 /* Release */,
			);
			defaultConfigurationIsVisible = 0;
			defaultConfigurationName = Release;
		};
		21F5EA1620334AEF007B72A6 /* Build configuration list for PBXNativeTarget "NearbyPlaces" */ = {
			isa = XCConfigurationList;
			buildConfigurations = (
				21F5EA1720334AEF007B72A6 /* Debug */,
				21F5EA1820334AEF007B72A6 /* Release */,
			);
			defaultConfigurationIsVisible = 0;
			defaultConfigurationName = Release;
		};
		21F5EA1920334AEF007B72A6 /* Build configuration list for PBXNativeTarget "NearbyPlacesTests" */ = {
			isa = XCConfigurationList;
			buildConfigurations = (
				21F5EA1A20334AEF007B72A6 /* Debug */,
				21F5EA1B20334AEF007B72A6 /* Release */,
			);
			defaultConfigurationIsVisible = 0;
			defaultConfigurationName = Release;
		};
		21F5EA1C20334AEF007B72A6 /* Build configuration list for PBXNativeTarget "NearbyPlacesUITests" */ = {
			isa = XCConfigurationList;
			buildConfigurations = (
				21F5EA1D20334AEF007B72A6 /* Debug */,
				21F5EA1E20334AEF007B72A6 /* Release */,
			);
			defaultConfigurationIsVisible = 0;
			defaultConfigurationName = Release;
		};
/* End XCConfigurationList section */

/* Begin XCVersionGroup section */
		210FC563203B0D3D0060E8B5 /* Places.xcdatamodeld */ = {
			isa = XCVersionGroup;
			children = (
				210FC564203B0D3D0060E8B5 /* Places.xcdatamodel */,
			);
			currentVersion = 210FC564203B0D3D0060E8B5 /* Places.xcdatamodel */;
			path = Places.xcdatamodeld;
			sourceTree = "<group>";
			versionGroupType = wrapper.xcdatamodel;
		};
/* End XCVersionGroup section */
	};
	rootObject = 21F5E9E620334AEE007B72A6 /* Project object */;
}
